
Microsoft Visual Studio Solution File, Format Version 12.00
# Visual Studio 15
VisualStudioVersion = 15.0.27703.2035
MinimumVisualStudioVersion = 10.0.40219.1
Project("{FAE04EC0-301F-11D3-BF4B-00C04F79EFBC}") = "Practica2Xml", "Practica2Xml\Practica2Xml.csproj", "{F111B40A-426F-49B0-9262-B3B208304713}"
EndProject
Global
	GlobalSection(SolutionConfigurationPlatforms) = preSolution
		Debug|Any CPU = Debug|Any CPU
		Release|Any CPU = Release|Any CPU
	EndGlobalSection
	GlobalSection(ProjectConfigurationPlatforms) = postSolution
		{F111B40A-426F-49B0-9262-B3B208304713}.Debug|Any CPU.ActiveCfg = Debug|Any CPU
		{F111B40A-426F-49B0-9262-B3B208304713}.Debug|Any CPU.Build.0 = Debug|Any CPU
		{F111B40A-426F-49B0-9262-B3B208304713}.Release|Any CPU.ActiveCfg = Release|Any CPU
		{F111B40A-426F-49B0-9262-B3B208304713}.Release|Any CPU.Build.0 = Release|Any CPU
	EndGlobalSection
	GlobalSection(SolutionProperties) = preSolution
		HideSolutionNode = FALSE
	EndGlobalSection
	GlobalSection(ExtensibilityGlobals) = postSolution
		SolutionGuid = {A5914C9C-7E2C-4513-B601-A7D3CD6B82EE}
	EndGlobalSection
EndGlobal
